
Microsoft Visual Studio Solution File, Format Version 12.00
# Visual Studio 15
VisualStudioVersion = 15.0.26730.12
MinimumVisualStudioVersion = 10.0.40219.1
Project("{9A19103F-16F7-4668-BE54-9A1E7A4F7556}") = "Football.API", "footballRebuildAPI\Football.API.csproj", "{ABDCB1F2-2A9B-4D62-A5A1-49D39E2D8996}"
EndProject
Project("{9A19103F-16F7-4668-BE54-9A1E7A4F7556}") = "Football.DataAccess", "DataAccess\Football.DataAccess.csproj", "{BE012939-9AA4-400C-88A2-2450208E1726}"
EndProject
Project("{9A19103F-16F7-4668-BE54-9A1E7A4F7556}") = "Football.Services", "Services\Football.Services.csproj", "{9B266462-94CA-4329-9DED-4F8FB73F949D}"
EndProject
Project("{9A19103F-16F7-4668-BE54-9A1E7A4F7556}") = "Football.Crosscutting", "Crosscutting\Football.Crosscutting.csproj", "{B41F4A27-A836-4F22-9191-20ADB92F2375}"
EndProject
Project("{9A19103F-16F7-4668-BE54-9A1E7A4F7556}") = "Football.BlobStorage", "Football.BlobStorage\Football.BlobStorage.csproj", "{49898D11-E52D-4860-BA42-36DE2C6BBA33}"
EndProject
Project("{9A19103F-16F7-4668-BE54-9A1E7A4F7556}") = "Football.MigrationTool", "Football.MigrationTool\Football.MigrationTool.csproj", "{AC878627-E388-41DD-ABDC-24FD9268713A}"
EndProject
Project("{9A19103F-16F7-4668-BE54-9A1E7A4F7556}") = "Football.DataAccessNoSQL", "Football.DataAccessNoSQL\Football.DataAccessNoSQL.csproj", "{649CF302-8021-4E44-9819-4C974A0286CB}"
EndProject
Project("{2150E333-8FDC-42A3-9474-1A3956D46DE8}") = "Legacy", "Legacy", "{7E02A9D9-84CE-41A6-92D4-0275CA3B992D}"
EndProject
Project("{FAE04EC0-301F-11D3-BF4B-00C04F79EFBC}") = "Futbol", "Futbol\Futbol.csproj", "{6BB3BD33-791B-4F49-B1F9-C6E362AEB1D6}"
EndProject
Project("{FAE04EC0-301F-11D3-BF4B-00C04F79EFBC}") = "Simulador", "Simulador\Simulador.csproj", "{F233671A-DDF6-4F23-BAD4-C76293416E61}"
EndProject
Project("{FAE04EC0-301F-11D3-BF4B-00C04F79EFBC}") = "Util", "Util\Util.csproj", "{7F9DF1EC-7E34-488D-B8CE-3AB06E7A6EC4}"
EndProject
Project("{FAE04EC0-301F-11D3-BF4B-00C04F79EFBC}") = "Football.Services.Test", "Football.Services.Test\Football.Services.Test.csproj", "{F67873AC-28CD-4533-A544-7EFCDBF58D8B}"
EndProject
Global
	GlobalSection(SolutionConfigurationPlatforms) = preSolution
		Debug|Any CPU = Debug|Any CPU
		Release|Any CPU = Release|Any CPU
	EndGlobalSection
	GlobalSection(ProjectConfigurationPlatforms) = postSolution
		{ABDCB1F2-2A9B-4D62-A5A1-49D39E2D8996}.Debug|Any CPU.ActiveCfg = Debug|Any CPU
		{ABDCB1F2-2A9B-4D62-A5A1-49D39E2D8996}.Debug|Any CPU.Build.0 = Debug|Any CPU
		{ABDCB1F2-2A9B-4D62-A5A1-49D39E2D8996}.Release|Any CPU.ActiveCfg = Release|Any CPU
		{ABDCB1F2-2A9B-4D62-A5A1-49D39E2D8996}.Release|Any CPU.Build.0 = Release|Any CPU
		{BE012939-9AA4-400C-88A2-2450208E1726}.Debug|Any CPU.ActiveCfg = Debug|Any CPU
		{BE012939-9AA4-400C-88A2-2450208E1726}.Debug|Any CPU.Build.0 = Debug|Any CPU
		{BE012939-9AA4-400C-88A2-2450208E1726}.Release|Any CPU.ActiveCfg = Release|Any CPU
		{BE012939-9AA4-400C-88A2-2450208E1726}.Release|Any CPU.Build.0 = Release|Any CPU
		{9B266462-94CA-4329-9DED-4F8FB73F949D}.Debug|Any CPU.ActiveCfg = Debug|Any CPU
		{9B266462-94CA-4329-9DED-4F8FB73F949D}.Debug|Any CPU.Build.0 = Debug|Any CPU
		{9B266462-94CA-4329-9DED-4F8FB73F949D}.Release|Any CPU.ActiveCfg = Release|Any CPU
		{9B266462-94CA-4329-9DED-4F8FB73F949D}.Release|Any CPU.Build.0 = Release|Any CPU
		{B41F4A27-A836-4F22-9191-20ADB92F2375}.Debug|Any CPU.ActiveCfg = Debug|Any CPU
		{B41F4A27-A836-4F22-9191-20ADB92F2375}.Debug|Any CPU.Build.0 = Debug|Any CPU
		{B41F4A27-A836-4F22-9191-20ADB92F2375}.Release|Any CPU.ActiveCfg = Release|Any CPU
		{B41F4A27-A836-4F22-9191-20ADB92F2375}.Release|Any CPU.Build.0 = Release|Any CPU
		{49898D11-E52D-4860-BA42-36DE2C6BBA33}.Debug|Any CPU.ActiveCfg = Debug|Any CPU
		{49898D11-E52D-4860-BA42-36DE2C6BBA33}.Debug|Any CPU.Build.0 = Debug|Any CPU
		{49898D11-E52D-4860-BA42-36DE2C6BBA33}.Release|Any CPU.ActiveCfg = Release|Any CPU
		{49898D11-E52D-4860-BA42-36DE2C6BBA33}.Release|Any CPU.Build.0 = Release|Any CPU
		{AC878627-E388-41DD-ABDC-24FD9268713A}.Debug|Any CPU.ActiveCfg = Debug|Any CPU
		{AC878627-E388-41DD-ABDC-24FD9268713A}.Debug|Any CPU.Build.0 = Debug|Any CPU
		{AC878627-E388-41DD-ABDC-24FD9268713A}.Release|Any CPU.ActiveCfg = Release|Any CPU
		{AC878627-E388-41DD-ABDC-24FD9268713A}.Release|Any CPU.Build.0 = Release|Any CPU
		{649CF302-8021-4E44-9819-4C974A0286CB}.Debug|Any CPU.ActiveCfg = Debug|Any CPU
		{649CF302-8021-4E44-9819-4C974A0286CB}.Debug|Any CPU.Build.0 = Debug|Any CPU
		{649CF302-8021-4E44-9819-4C974A0286CB}.Release|Any CPU.ActiveCfg = Release|Any CPU
		{649CF302-8021-4E44-9819-4C974A0286CB}.Release|Any CPU.Build.0 = Release|Any CPU
		{6BB3BD33-791B-4F49-B1F9-C6E362AEB1D6}.Debug|Any CPU.ActiveCfg = Debug|Any CPU
		{6BB3BD33-791B-4F49-B1F9-C6E362AEB1D6}.Debug|Any CPU.Build.0 = Debug|Any CPU
		{6BB3BD33-791B-4F49-B1F9-C6E362AEB1D6}.Release|Any CPU.ActiveCfg = Release|Any CPU
		{6BB3BD33-791B-4F49-B1F9-C6E362AEB1D6}.Release|Any CPU.Build.0 = Release|Any CPU
		{F233671A-DDF6-4F23-BAD4-C76293416E61}.Debug|Any CPU.ActiveCfg = Debug|Any CPU
		{F233671A-DDF6-4F23-BAD4-C76293416E61}.Debug|Any CPU.Build.0 = Debug|Any CPU
		{F233671A-DDF6-4F23-BAD4-C76293416E61}.Release|Any CPU.ActiveCfg = Release|Any CPU
		{F233671A-DDF6-4F23-BAD4-C76293416E61}.Release|Any CPU.Build.0 = Release|Any CPU
		{7F9DF1EC-7E34-488D-B8CE-3AB06E7A6EC4}.Debug|Any CPU.ActiveCfg = Debug|Any CPU
		{7F9DF1EC-7E34-488D-B8CE-3AB06E7A6EC4}.Debug|Any CPU.Build.0 = Debug|Any CPU
		{7F9DF1EC-7E34-488D-B8CE-3AB06E7A6EC4}.Release|Any CPU.ActiveCfg = Release|Any CPU
		{7F9DF1EC-7E34-488D-B8CE-3AB06E7A6EC4}.Release|Any CPU.Build.0 = Release|Any CPU
		{F67873AC-28CD-4533-A544-7EFCDBF58D8B}.Debug|Any CPU.ActiveCfg = Debug|Any CPU
		{F67873AC-28CD-4533-A544-7EFCDBF58D8B}.Debug|Any CPU.Build.0 = Debug|Any CPU
		{F67873AC-28CD-4533-A544-7EFCDBF58D8B}.Release|Any CPU.ActiveCfg = Release|Any CPU
		{F67873AC-28CD-4533-A544-7EFCDBF58D8B}.Release|Any CPU.Build.0 = Release|Any CPU
	EndGlobalSection
	GlobalSection(SolutionProperties) = preSolution
		HideSolutionNode = FALSE
	EndGlobalSection
	GlobalSection(NestedProjects) = preSolution
		{6BB3BD33-791B-4F49-B1F9-C6E362AEB1D6} = {7E02A9D9-84CE-41A6-92D4-0275CA3B992D}
		{F233671A-DDF6-4F23-BAD4-C76293416E61} = {7E02A9D9-84CE-41A6-92D4-0275CA3B992D}
		{7F9DF1EC-7E34-488D-B8CE-3AB06E7A6EC4} = {7E02A9D9-84CE-41A6-92D4-0275CA3B992D}
	EndGlobalSection
	GlobalSection(ExtensibilityGlobals) = postSolution
		SolutionGuid = {E45A5778-F0DF-4F86-9640-D3D0D3F2183C}
	EndGlobalSection
EndGlobal
